
Microsoft Visual Studio Solution File, Format Version 12.00
# Visual Studio Version 16
VisualStudioVersion = 16.0.31702.278
MinimumVisualStudioVersion = 10.0.40219.1
Project("{8BC9CEB8-8B4A-11D0-8D11-00A0C91BC942}") = "Question3.10bc", "Question3.10bc\Question3.10bc.vcxproj", "{A84AA6CE-149A-4F73-991B-264D4DDE2252}"
EndProject
Global
	GlobalSection(SolutionConfigurationPlatforms) = preSolution
		Debug|x64 = Debug|x64
		Debug|x86 = Debug|x86
		Release|x64 = Release|x64
		Release|x86 = Release|x86
	EndGlobalSection
	GlobalSection(ProjectConfigurationPlatforms) = postSolution
		{A84AA6CE-149A-4F73-991B-264D4DDE2252}.Debug|x64.ActiveCfg = Debug|x64
		{A84AA6CE-149A-4F73-991B-264D4DDE2252}.Debug|x64.Build.0 = Debug|x64
		{A84AA6CE-149A-4F73-991B-264D4DDE2252}.Debug|x86.ActiveCfg = Debug|Win32
		{A84AA6CE-149A-4F73-991B-264D4DDE2252}.Debug|x86.Build.0 = Debug|Win32
		{A84AA6CE-149A-4F73-991B-264D4DDE2252}.Release|x64.ActiveCfg = Release|x64
		{A84AA6CE-149A-4F73-991B-264D4DDE2252}.Release|x64.Build.0 = Release|x64
		{A84AA6CE-149A-4F73-991B-264D4DDE2252}.Release|x86.ActiveCfg = Release|Win32
		{A84AA6CE-149A-4F73-991B-264D4DDE2252}.Release|x86.Build.0 = Release|Win32
	EndGlobalSection
	GlobalSection(SolutionProperties) = preSolution
		HideSolutionNode = FALSE
	EndGlobalSection
	GlobalSection(ExtensibilityGlobals) = postSolution
		SolutionGuid = {AD7737AF-6CA2-48D1-A137-9207E4EFBA04}
	EndGlobalSection
EndGlobal
